
Microsoft Visual Studio Solution File, Format Version 12.00
# Visual Studio Version 16
VisualStudioVersion = 16.0.29613.14
MinimumVisualStudioVersion = 10.0.40219.1
Project("{2150E333-8FDC-42A3-9474-1A3956D46DE8}") = "1 - ProjetoContaBancaria.API", "1 - ProjetoContaBancaria.API", "{11DB9B54-DB01-4A06-B898-EF5FDAB44B50}"
EndProject
Project("{FAE04EC0-301F-11D3-BF4B-00C04F79EFBC}") = "ProjetoContaBancaria.Domain", "ProjetoContaBancaria.Domain\ProjetoContaBancaria.Domain.csproj", "{74485E82-E174-413A-9D5B-B4FBE2A51C79}"
EndProject
Project("{FAE04EC0-301F-11D3-BF4B-00C04F79EFBC}") = "ProjetoContaBancaria.Repository", "ProjetoContaBancaria.Repository\ProjetoContaBancaria.Repository.csproj", "{5488628F-01DF-4332-9F01-E69A441E81AF}"
EndProject
Project("{2150E333-8FDC-42A3-9474-1A3956D46DE8}") = "0 - ProjetoContaBancaria.WEB", "0 - ProjetoContaBancaria.WEB", "{04FE0202-E444-4991-8E8B-368A2DD8EC97}"
EndProject
Project("{FAE04EC0-301F-11D3-BF4B-00C04F79EFBC}") = "ProjetoContaBancaria.Application", "ProjetoContaBancaria.Application\ProjetoContaBancaria.Application.csproj", "{7FBD361A-5E21-49E8-8887-A9FC8D45DAF3}"
EndProject
Project("{FAE04EC0-301F-11D3-BF4B-00C04F79EFBC}") = "ProjetoContaBancaria.API", "ProjetoContaBancaria.API\ProjetoContaBancaria.API.csproj", "{2944A001-BA4D-4DD5-BC83-2A8CBBD219F8}"
EndProject
Project("{FAE04EC0-301F-11D3-BF4B-00C04F79EFBC}") = "ProjetoContaBancaria.WEB", "ProjetoContaBancaria.WEB\ProjetoContaBancaria.WEB.csproj", "{967B979C-5B3E-4B2C-BC2C-B8BAD2C1EC73}"
EndProject
Global
	GlobalSection(SolutionConfigurationPlatforms) = preSolution
		Debug|Any CPU = Debug|Any CPU
		Release|Any CPU = Release|Any CPU
	EndGlobalSection
	GlobalSection(ProjectConfigurationPlatforms) = postSolution
		{74485E82-E174-413A-9D5B-B4FBE2A51C79}.Debug|Any CPU.ActiveCfg = Debug|Any CPU
		{74485E82-E174-413A-9D5B-B4FBE2A51C79}.Debug|Any CPU.Build.0 = Debug|Any CPU
		{74485E82-E174-413A-9D5B-B4FBE2A51C79}.Release|Any CPU.ActiveCfg = Release|Any CPU
		{74485E82-E174-413A-9D5B-B4FBE2A51C79}.Release|Any CPU.Build.0 = Release|Any CPU
		{5488628F-01DF-4332-9F01-E69A441E81AF}.Debug|Any CPU.ActiveCfg = Debug|Any CPU
		{5488628F-01DF-4332-9F01-E69A441E81AF}.Debug|Any CPU.Build.0 = Debug|Any CPU
		{5488628F-01DF-4332-9F01-E69A441E81AF}.Release|Any CPU.ActiveCfg = Release|Any CPU
		{5488628F-01DF-4332-9F01-E69A441E81AF}.Release|Any CPU.Build.0 = Release|Any CPU
		{7FBD361A-5E21-49E8-8887-A9FC8D45DAF3}.Debug|Any CPU.ActiveCfg = Debug|Any CPU
		{7FBD361A-5E21-49E8-8887-A9FC8D45DAF3}.Debug|Any CPU.Build.0 = Debug|Any CPU
		{7FBD361A-5E21-49E8-8887-A9FC8D45DAF3}.Release|Any CPU.ActiveCfg = Release|Any CPU
		{7FBD361A-5E21-49E8-8887-A9FC8D45DAF3}.Release|Any CPU.Build.0 = Release|Any CPU
		{2944A001-BA4D-4DD5-BC83-2A8CBBD219F8}.Debug|Any CPU.ActiveCfg = Debug|Any CPU
		{2944A001-BA4D-4DD5-BC83-2A8CBBD219F8}.Debug|Any CPU.Build.0 = Debug|Any CPU
		{2944A001-BA4D-4DD5-BC83-2A8CBBD219F8}.Release|Any CPU.ActiveCfg = Release|Any CPU
		{2944A001-BA4D-4DD5-BC83-2A8CBBD219F8}.Release|Any CPU.Build.0 = Release|Any CPU
		{967B979C-5B3E-4B2C-BC2C-B8BAD2C1EC73}.Debug|Any CPU.ActiveCfg = Debug|Any CPU
		{967B979C-5B3E-4B2C-BC2C-B8BAD2C1EC73}.Debug|Any CPU.Build.0 = Debug|Any CPU
		{967B979C-5B3E-4B2C-BC2C-B8BAD2C1EC73}.Release|Any CPU.ActiveCfg = Release|Any CPU
		{967B979C-5B3E-4B2C-BC2C-B8BAD2C1EC73}.Release|Any CPU.Build.0 = Release|Any CPU
	EndGlobalSection
	GlobalSection(SolutionProperties) = preSolution
		HideSolutionNode = FALSE
	EndGlobalSection
	GlobalSection(NestedProjects) = preSolution
		{74485E82-E174-413A-9D5B-B4FBE2A51C79} = {11DB9B54-DB01-4A06-B898-EF5FDAB44B50}
		{5488628F-01DF-4332-9F01-E69A441E81AF} = {11DB9B54-DB01-4A06-B898-EF5FDAB44B50}
		{7FBD361A-5E21-49E8-8887-A9FC8D45DAF3} = {04FE0202-E444-4991-8E8B-368A2DD8EC97}
		{2944A001-BA4D-4DD5-BC83-2A8CBBD219F8} = {11DB9B54-DB01-4A06-B898-EF5FDAB44B50}
		{967B979C-5B3E-4B2C-BC2C-B8BAD2C1EC73} = {04FE0202-E444-4991-8E8B-368A2DD8EC97}
	EndGlobalSection
	GlobalSection(ExtensibilityGlobals) = postSolution
		SolutionGuid = {7275BC9F-EF1A-447E-A654-7380A6CAD2F5}
	EndGlobalSection
EndGlobal
